
Microsoft Visual Studio Solution File, Format Version 12.00
# Visual Studio Version 17
VisualStudioVersion = 17.1.32210.238
MinimumVisualStudioVersion = 10.0.40219.1
Project("{FAE04EC0-301F-11D3-BF4B-00C04F79EFBC}") = "modul4_1302204034", "modul4_1302204034\modul4_1302204034.csproj", "{12D1348E-C107-4E5A-9A0B-4E276A3BC877}"
EndProject
Global
	GlobalSection(SolutionConfigurationPlatforms) = preSolution
		Debug|Any CPU = Debug|Any CPU
		Release|Any CPU = Release|Any CPU
	EndGlobalSection
	GlobalSection(ProjectConfigurationPlatforms) = postSolution
		{12D1348E-C107-4E5A-9A0B-4E276A3BC877}.Debug|Any CPU.ActiveCfg = Debug|Any CPU
		{12D1348E-C107-4E5A-9A0B-4E276A3BC877}.Debug|Any CPU.Build.0 = Debug|Any CPU
		{12D1348E-C107-4E5A-9A0B-4E276A3BC877}.Release|Any CPU.ActiveCfg = Release|Any CPU
		{12D1348E-C107-4E5A-9A0B-4E276A3BC877}.Release|Any CPU.Build.0 = Release|Any CPU
	EndGlobalSection
	GlobalSection(SolutionProperties) = preSolution
		HideSolutionNode = FALSE
	EndGlobalSection
	GlobalSection(ExtensibilityGlobals) = postSolution
		SolutionGuid = {40A328E5-AEA8-40D8-9846-EC40F1C0454D}
	EndGlobalSection
EndGlobal
